
Microsoft Visual Studio Solution File, Format Version 12.00
# Visual Studio 15
VisualStudioVersion = 15.0.27703.2042
MinimumVisualStudioVersion = 10.0.40219.1
Project("{8BC9CEB8-8B4A-11D0-8D11-00A0C91BC942}") = "VertexInfo", "MeshInfo1.vcxproj", "{AA1A559E-7156-4173-905D-CF447F8E5F54}"
EndProject
Project("{8BC9CEB8-8B4A-11D0-8D11-00A0C91BC942}") = "EdgeInfo", "..\EdgeInfo\EdgeInfo.vcxproj", "{0AA60BE2-47B2-4A4B-85F9-5A3B002E3AA8}"
EndProject
Global
	GlobalSection(SolutionConfigurationPlatforms) = preSolution
		Debug|x64 = Debug|x64
		Debug|x86 = Debug|x86
		Release|x64 = Release|x64
		Release|x86 = Release|x86
	EndGlobalSection
	GlobalSection(ProjectConfigurationPlatforms) = postSolution
		{AA1A559E-7156-4173-905D-CF447F8E5F54}.Debug|x64.ActiveCfg = Debug|x64
		{AA1A559E-7156-4173-905D-CF447F8E5F54}.Debug|x64.Build.0 = Debug|x64
		{AA1A559E-7156-4173-905D-CF447F8E5F54}.Debug|x86.ActiveCfg = Debug|Win32
		{AA1A559E-7156-4173-905D-CF447F8E5F54}.Debug|x86.Build.0 = Debug|Win32
		{AA1A559E-7156-4173-905D-CF447F8E5F54}.Release|x64.ActiveCfg = Release|x64
		{AA1A559E-7156-4173-905D-CF447F8E5F54}.Release|x64.Build.0 = Release|x64
		{AA1A559E-7156-4173-905D-CF447F8E5F54}.Release|x86.ActiveCfg = Release|Win32
		{AA1A559E-7156-4173-905D-CF447F8E5F54}.Release|x86.Build.0 = Release|Win32
		{0AA60BE2-47B2-4A4B-85F9-5A3B002E3AA8}.Debug|x64.ActiveCfg = Debug|x64
		{0AA60BE2-47B2-4A4B-85F9-5A3B002E3AA8}.Debug|x64.Build.0 = Debug|x64
		{0AA60BE2-47B2-4A4B-85F9-5A3B002E3AA8}.Debug|x86.ActiveCfg = Debug|Win32
		{0AA60BE2-47B2-4A4B-85F9-5A3B002E3AA8}.Debug|x86.Build.0 = Debug|Win32
		{0AA60BE2-47B2-4A4B-85F9-5A3B002E3AA8}.Release|x64.ActiveCfg = Release|x64
		{0AA60BE2-47B2-4A4B-85F9-5A3B002E3AA8}.Release|x64.Build.0 = Release|x64
		{0AA60BE2-47B2-4A4B-85F9-5A3B002E3AA8}.Release|x86.ActiveCfg = Release|Win32
		{0AA60BE2-47B2-4A4B-85F9-5A3B002E3AA8}.Release|x86.Build.0 = Release|Win32
	EndGlobalSection
	GlobalSection(SolutionProperties) = preSolution
		HideSolutionNode = FALSE
	EndGlobalSection
	GlobalSection(ExtensibilityGlobals) = postSolution
		SolutionGuid = {DF37A3BA-8E51-4ECC-8854-9911E7E2BB3F}
	EndGlobalSection
EndGlobal
